<?xml version="1.0" encoding="utf-8"?>
<Project ToolsVersion="4.0" xmlns="http://schemas.microsoft.com/developer/msbuild/2003">
  <ItemGroup>
    <Filter Include="Source Files">
      <UniqueIdentifier>{4FC737F1-C7A5-4376-A066-2A32D752A2FF}</UniqueIdentifier>
      <Extensions>cpp;c;cc;cxx;def;odl;idl;hpj;bat;asm;asmx</Extensions>
    </Filter>
    <Filter Include="Header Files">
      <UniqueIdentifier>{93995380-89BD-4b04-88EB-625FBE52EBFB}</UniqueIdentifier>
      <Extensions>h;hh;hpp;hxx;hm;inl;inc;xsd</Extensions>
    </Filter>
    <Filter Include="Resource Files">
      <UniqueIdentifier>{67DA6AB6-F800-4c08-8B7A-83BB121AAD01}</UniqueIdentifier>
      <Extensions>rc;ico;cur;bmp;dlg;rc2;rct;bin;rgs;gif;jpg;jpeg;jpe;resx;tiff;tif;png;wav</Extensions>
    </Filter>
  </ItemGroup>
  <ItemGroup>
    <ClCompile Include="src\main.cpp">
      <Filter>Source Files</Filter>
    </ClCompile>
    <ClCompile Include="src\continuitymodels\ContinuityModelRealization.cpp">
      <Filter>Source Files</Filter>
    </ClCompile>
    <ClCompile Include="src\continuitymodels\ContinuityModelROF.cpp">
      <Filter>Source Files</Filter>
    </ClCompile>
    <ClCompile Include="src\continuitymodels\base\ContinuityModel.cpp">
      <Filter>Source Files</Filter>
    </ClCompile>
    <ClCompile Include="src\controls\EvaporationSeries.cpp">
      <Filter>Source Files</Filter>
    </ClCompile>
    <ClCompile Include="src\controls\FixedMinEnvFlowControl.cpp">
      <Filter>Source Files</Filter>
    </ClCompile>
    <ClCompile Include="src\controls\InflowMinEnvFlowControl.cpp">
      <Filter>Source Files</Filter>
    </ClCompile>
    <ClCompile Include="src\controls\SeasonalMinEnvFlowControl.cpp">
      <Filter>Source Files</Filter>
    </ClCompile>
    <ClCompile Include="src\controls\StorageMinEnvFlowControl.cpp">
      <Filter>Source Files</Filter>
    </ClCompile>
    <ClCompile Include="src\controls\WwtpDischargeRule.cpp">
      <Filter>Source Files</Filter>
    </ClCompile>
    <ClCompile Include="src\controls\base\MinEnvFlowControl.cpp">
      <Filter>Source Files</Filter>
    </ClCompile>
    <ClCompile Include="src\controls\base\MinEnvironFlowControl.cpp">
      <Filter>Source Files</Filter>
    </ClCompile>
    <ClCompile Include="src\controls\custom\FallsLakeMinEnvFlowControl.cpp">
      <Filter>Source Files</Filter>
    </ClCompile>
    <ClCompile Include="src\controls\custom\JordanLakeMinEnvFlowControl.cpp">
      <Filter>Source Files</Filter>
    </ClCompile>
    <ClCompile Include="src\datacollector\AllocatedReservoirDataCollector.cpp">
      <Filter>Source Files</Filter>
    </ClCompile>
    <ClCompile Include="src\datacollector\EmptyDataCollector.cpp">
      <Filter>Source Files</Filter>
    </ClCompile>
    <ClCompile Include="src\datacollector\IntakeDataCollector.cpp">
      <Filter>Source Files</Filter>
    </ClCompile>
    <ClCompile Include="src\datacollector\MasterDataCollector.cpp">
      <Filter>Source Files</Filter>
    </ClCompile>
    <ClCompile Include="src\datacollector\QuaryDataCollector.cpp">
      <Filter>Source Files</Filter>
    </ClCompile>
    <ClCompile Include="src\datacollector\ReservoirDataCollector.cpp">
      <Filter>Source Files</Filter>
    </ClCompile>
    <ClCompile Include="src\datacollector\RestrictionsDataCollector.cpp">
      <Filter>Source Files</Filter>
    </ClCompile>
    <ClCompile Include="src\datacollector\TransfersDataCollector.cpp">
      <Filter>Source Files</Filter>
    </ClCompile>
    <ClCompile Include="src\datacollector\UtilitiesDataCollector.cpp">
      <Filter>Source Files</Filter>
    </ClCompile>
    <ClCompile Include="src\datacollector\WaterReuseDataCollector.cpp">
      <Filter>Source Files</Filter>
    </ClCompile>
    <ClCompile Include="src\datacollector\base\DataCollector.cpp">
      <Filter>Source Files</Filter>
    </ClCompile>
    <ClCompile Include="src\droughtmitigationinstruments\InsuranceStorageToROF.cpp">
      <Filter>Source Files</Filter>
    </ClCompile>
    <ClCompile Include="src\droughtmitigationinstruments\Restrictions.cpp">
      <Filter>Source Files</Filter>
    </ClCompile>
    <ClCompile Include="src\droughtmitigationinstruments\Transfers.cpp">
      <Filter>Source Files</Filter>
    </ClCompile>
    <ClCompile Include="src\droughtmitigationinstruments\base\DroughtMitigationPolicy.cpp">
      <Filter>Source Files</Filter>
    </ClCompile>
    <ClCompile Include="src\problem\PaperTestProblem.cpp">
      <Filter>Source Files</Filter>
    </ClCompile>
    <ClCompile Include="src\problem\Triangle.cpp">
      <Filter>Source Files</Filter>
    </ClCompile>
    <ClCompile Include="src\problem\base\Problem.cpp">
      <Filter>Source Files</Filter>
    </ClCompile>
    <ClCompile Include="src\simulation\Simulation.cpp">
      <Filter>Source Files</Filter>
    </ClCompile>
    <ClCompile Include="src\systemcomponents\Catchment.cpp">
      <Filter>Source Files</Filter>
    </ClCompile>
    <ClCompile Include="src\systemcomponents\bonds\BalloonPaymentBond.cpp">
      <Filter>Source Files</Filter>
    </ClCompile>
    <ClCompile Include="src\systemcomponents\bonds\FloatingInterestBalloonPaymentBond.cpp">
      <Filter>Source Files</Filter>
    </ClCompile>
    <ClCompile Include="src\systemcomponents\bonds\LevelDebtServiceBond.cpp">
      <Filter>Source Files</Filter>
    </ClCompile>
    <ClCompile Include="src\systemcomponents\bonds\base\Bond.cpp">
      <Filter>Source Files</Filter>
    </ClCompile>
    <ClCompile Include="src\systemcomponents\utility\InfrastructureManager.cpp">
      <Filter>Source Files</Filter>
    </ClCompile>
    <ClCompile Include="src\systemcomponents\utility\Utility.cpp">
      <Filter>Source Files</Filter>
    </ClCompile>
    <ClCompile Include="src\systemcomponents\watersources\AllocatedReservoir.cpp">
      <Filter>Source Files</Filter>
    </ClCompile>
    <ClCompile Include="src\systemcomponents\watersources\Intake.cpp">
      <Filter>Source Files</Filter>
    </ClCompile>
    <ClCompile Include="src\systemcomponents\watersources\Quarry.cpp">
      <Filter>Source Files</Filter>
    </ClCompile>
    <ClCompile Include="src\systemcomponents\watersources\Relocation.cpp">
      <Filter>Source Files</Filter>
    </ClCompile>
    <ClCompile Include="src\systemcomponents\watersources\Reservoir.cpp">
      <Filter>Source Files</Filter>
    </ClCompile>
    <ClCompile Include="src\systemcomponents\watersources\ReservoirExpansion.cpp">
      <Filter>Source Files</Filter>
    </ClCompile>
    <ClCompile Include="src\systemcomponents\watersources\SequentialJointTreatmentExpansion.cpp">
      <Filter>Source Files</Filter>
    </ClCompile>
    <ClCompile Include="src\systemcomponents\watersources\WaterReuse.cpp">
      <Filter>Source Files</Filter>
    </ClCompile>
    <ClCompile Include="src\systemcomponents\watersources\base\WaterSource.cpp">
      <Filter>Source Files</Filter>
    </ClCompile>
    <ClCompile Include="src\utils\DataSeries.cpp">
      <Filter>Source Files</Filter>
    </ClCompile>
    <ClCompile Include="src\utils\ObjectivesCalculator.cpp">
      <Filter>Source Files</Filter>
    </ClCompile>
    <ClCompile Include="src\utils\Utils.cpp">
      <Filter>Source Files</Filter>
    </ClCompile>
    <ClCompile Include="src\utils\graph\Graph.cpp">
      <Filter>Source Files</Filter>
    </ClCompile>
    <ClCompile Include="src\utils\qpsolver\Array.cpp">
      <Filter>Source Files</Filter>
    </ClCompile>
    <ClCompile Include="src\utils\qpsolver\QuadProg++.cpp">
      <Filter>Source Files</Filter>
    </ClCompile>
    <ClCompile Include="tests\Tests.cpp">
      <Filter>Source Files</Filter>
    </ClCompile>
  </ItemGroup>
  <ItemGroup>
    <ClInclude Include="src\continuitymodels\ContinuityModelRealization.h">
      <Filter>Header Files</Filter>
    </ClInclude>
    <ClInclude Include="src\continuitymodels\ContinuityModelROF.h">
      <Filter>Header Files</Filter>
    </ClInclude>
    <ClInclude Include="src\continuitymodels\base\ContinuityModel.h">
      <Filter>Header Files</Filter>
    </ClInclude>
    <ClInclude Include="src\controls\EvaporationSeries.h">
      <Filter>Header Files</Filter>
    </ClInclude>
    <ClInclude Include="src\controls\FixedMinEnvFlowControl.h">
      <Filter>Header Files</Filter>
    </ClInclude>
    <ClInclude Include="src\controls\InflowMinEnvFlowControl.h">
      <Filter>Header Files</Filter>
    </ClInclude>
    <ClInclude Include="src\controls\SeasonalMinEnvFlowControl.h">
      <Filter>Header Files</Filter>
    </ClInclude>
    <ClInclude Include="src\controls\StorageMinEnvFlowControl.h">
      <Filter>Header Files</Filter>
    </ClInclude>
    <ClInclude Include="src\controls\WwtpDischargeRule.h">
      <Filter>Header Files</Filter>
    </ClInclude>
    <ClInclude Include="src\controls\base\ControlRules.h">
      <Filter>Header Files</Filter>
    </ClInclude>
    <ClInclude Include="src\controls\base\MinEnvFlowControl.h">
      <Filter>Header Files</Filter>
    </ClInclude>
    <ClInclude Include="src\controls\base\MinEnvironFlowControl.h">
      <Filter>Header Files</Filter>
    </ClInclude>
    <ClInclude Include="src\controls\custom\FallsLakeMinEnvFlowControl.h">
      <Filter>Header Files</Filter>
    </ClInclude>
    <ClInclude Include="src\controls\custom\JordanLakeMinEnvFlowControl.h">
      <Filter>Header Files</Filter>
    </ClInclude>
    <ClInclude Include="src\datacollector\AllocatedReservoirDataCollector.h">
      <Filter>Header Files</Filter>
    </ClInclude>
    <ClInclude Include="src\datacollector\EmptyDataCollector.h">
      <Filter>Header Files</Filter>
    </ClInclude>
    <ClInclude Include="src\datacollector\IntakeDataCollector.h">
      <Filter>Header Files</Filter>
    </ClInclude>
    <ClInclude Include="src\datacollector\MasterDataCollector.h">
      <Filter>Header Files</Filter>
    </ClInclude>
    <ClInclude Include="src\datacollector\QuaryDataCollector.h">
      <Filter>Header Files</Filter>
    </ClInclude>
    <ClInclude Include="src\datacollector\ReservoirDataCollector.h">
      <Filter>Header Files</Filter>
    </ClInclude>
    <ClInclude Include="src\datacollector\RestrictionsDataCollector.h">
      <Filter>Header Files</Filter>
    </ClInclude>
    <ClInclude Include="src\datacollector\TransfersDataCollector.h">
      <Filter>Header Files</Filter>
    </ClInclude>
    <ClInclude Include="src\datacollector\UtilitiesDataCollector.h">
      <Filter>Header Files</Filter>
    </ClInclude>
    <ClInclude Include="src\datacollector\WaterReuseDataCollector.h">
      <Filter>Header Files</Filter>
    </ClInclude>
    <ClInclude Include="src\datacollector\base\DataCollector.h">
      <Filter>Header Files</Filter>
    </ClInclude>
    <ClInclude Include="src\droughtmitigationinstruments\InsuranceStorageToROF.h">
      <Filter>Header Files</Filter>
    </ClInclude>
    <ClInclude Include="src\droughtmitigationinstruments\Restrictions.h">
      <Filter>Header Files</Filter>
    </ClInclude>
    <ClInclude Include="src\droughtmitigationinstruments\Transfers.h">
      <Filter>Header Files</Filter>
    </ClInclude>
    <ClInclude Include="src\droughtmitigationinstruments\base\DroughtMitigationPolicy.h">
      <Filter>Header Files</Filter>
    </ClInclude>
    <ClInclude Include="src\problem\PaperTestProblem.h">
      <Filter>Header Files</Filter>
    </ClInclude>
    <ClInclude Include="src\problem\Triangle.h">
      <Filter>Header Files</Filter>
    </ClInclude>
    <ClInclude Include="src\problem\base\Problem.h">
      <Filter>Header Files</Filter>
    </ClInclude>
    <ClInclude Include="src\simulation\Simulation.h">
      <Filter>Header Files</Filter>
    </ClInclude>
    <ClInclude Include="src\systemcomponents\Catchment.h">
      <Filter>Header Files</Filter>
    </ClInclude>
    <ClInclude Include="src\systemcomponents\bonds\BalloonPaymentBond.h">
      <Filter>Header Files</Filter>
    </ClInclude>
    <ClInclude Include="src\systemcomponents\bonds\FloatingInterestBalloonPaymentBond.h">
      <Filter>Header Files</Filter>
    </ClInclude>
    <ClInclude Include="src\systemcomponents\bonds\LevelDebtServiceBond.h">
      <Filter>Header Files</Filter>
    </ClInclude>
    <ClInclude Include="src\systemcomponents\bonds\base\Bond.h">
      <Filter>Header Files</Filter>
    </ClInclude>
    <ClInclude Include="src\systemcomponents\utility\InfrastructureManager.h">
      <Filter>Header Files</Filter>
    </ClInclude>
    <ClInclude Include="src\systemcomponents\utility\Utility.h">
      <Filter>Header Files</Filter>
    </ClInclude>
    <ClInclude Include="src\systemcomponents\watersources\AllocatedReservoir.h">
      <Filter>Header Files</Filter>
    </ClInclude>
    <ClInclude Include="src\systemcomponents\watersources\Intake.h">
      <Filter>Header Files</Filter>
    </ClInclude>
    <ClInclude Include="src\systemcomponents\watersources\Quarry.h">
      <Filter>Header Files</Filter>
    </ClInclude>
    <ClInclude Include="src\systemcomponents\watersources\Relocation.h">
      <Filter>Header Files</Filter>
    </ClInclude>
    <ClInclude Include="src\systemcomponents\watersources\Reservoir.h">
      <Filter>Header Files</Filter>
    </ClInclude>
    <ClInclude Include="src\systemcomponents\watersources\ReservoirExpansion.h">
      <Filter>Header Files</Filter>
    </ClInclude>
    <ClInclude Include="src\systemcomponents\watersources\SequentialJointTreatmentExpansion.h">
      <Filter>Header Files</Filter>
    </ClInclude>
    <ClInclude Include="src\systemcomponents\watersources\WaterReuse.h">
      <Filter>Header Files</Filter>
    </ClInclude>
    <ClInclude Include="src\systemcomponents\watersources\base\WaterSource.h">
      <Filter>Header Files</Filter>
    </ClInclude>
    <ClInclude Include="src\utils\Constants.h">
      <Filter>Header Files</Filter>
    </ClInclude>
    <ClInclude Include="src\utils\DataSeries.h">
      <Filter>Header Files</Filter>
    </ClInclude>
    <ClInclude Include="src\utils\Matrices.h">
      <Filter>Header Files</Filter>
    </ClInclude>
    <ClInclude Include="src\utils\ObjectivesCalculator.h">
      <Filter>Header Files</Filter>
    </ClInclude>
    <ClInclude Include="src\utils\Solutions.h">
      <Filter>Header Files</Filter>
    </ClInclude>
    <ClInclude Include="src\utils\Utils.h">
      <Filter>Header Files</Filter>
    </ClInclude>
    <ClInclude Include="src\utils\graph\Graph.h">
      <Filter>Header Files</Filter>
    </ClInclude>
    <ClInclude Include="src\utils\qpsolver\Array.h">
      <Filter>Header Files</Filter>
    </ClInclude>
    <ClInclude Include="src\utils\qpsolver\QuadProg++.h">
      <Filter>Header Files</Filter>
    </ClInclude>
    <ClInclude Include="tests\catch.hpp">
      <Filter>Header Files</Filter>
    </ClInclude>
    <ClInclude Include="utils\Constants.h">
      <Filter>Header Files</Filter>
    </ClInclude>
  </ItemGroup>
</Project>